<?xml version="1.0" encoding="UTF-8" standalone="yes" ?>
<CodeBlocks_project_file>
	<FileVersion major="1" minor="6" />
	<Project>
		<Option title="acquisition_numerique" />
		<Option pch_mode="2" />
		<Option compiler="sdcc" />
		<Build>
			<Target title="Debug">
				<Option output="bin/Debug/acquisition_numerique" prefix_auto="1" extension_auto="1" />
				<Option object_output="obj/Debug/" />
				<Option type="1" />
				<Option compiler="sdcc" />
				<Compiler>
					<Add option="-mpic16" />
					<Add option="-p18f4550" />
					<Add option="-V" />
					<Add directory="/usr/share/sdcc/include" />
					<Add directory="/usr/share/sdcc/include/pic" />
					<Add directory="/usr/share/sdcc/include/pic16" />
				</Compiler>
				<Linker>
					<Add option="-L/usr/share/sdcc/lib/pic16/" />
					<Add option="-llibio18f4550.lib" />
					<Add option="-llibc18f.lib" />
				</Linker>
			</Target>
			<Target title="Release">
				<Option output="bin/Release/acquisition_numerique" prefix_auto="1" extension_auto="1" />
				<Option object_output="obj/Release/" />
				<Option type="1" />
				<Option compiler="sdcc" />
				<Compiler>
					<Add option="-mpic16" />
					<Add option="--opt-code-size" />
					<Add option="-p18f4550" />
					<Add option="--use-non-free" />
				</Compiler>
				<Linker>
					<Add option="-llibio18f4550.lib" />
					<Add option="-llibc18f.lib" />
				</Linker>
			</Target>
		</Build>
		<Unit filename="main.c">
			<Option compilerVar="CC" />
		</Unit>
		<Extensions>
			<code_completion />
			<debugger />
		</Extensions>
	</Project>
</CodeBlocks_project_file>
